Microsoft Visual Studio Solution File, Format Version 12.00
# Visual Studio Version 17
VisualStudioVersion = 17.5.2.0
MinimumVisualStudioVersion = 10.0.40219.1
Project("{FAE04EC0-301F-11D3-BF4B-00C04F79EFBC}") = "onix-v2-web-scan", "onix-v2-web-scan.csproj", "{B7A6BDCF-8E85-FED4-4604-AD69550371C8}"
EndProject
Global
	GlobalSection(SolutionConfigurationPlatforms) = preSolution
		Debug|Any CPU = Debug|Any CPU
		Release|Any CPU = Release|Any CPU
	EndGlobalSection
	GlobalSection(ProjectConfigurationPlatforms) = postSolution
		{B7A6BDCF-8E85-FED4-4604-AD69550371C8}.Debug|Any CPU.ActiveCfg = Debug|Any CPU
		{B7A6BDCF-8E85-FED4-4604-AD69550371C8}.Debug|Any CPU.Build.0 = Debug|Any CPU
		{B7A6BDCF-8E85-FED4-4604-AD69550371C8}.Release|Any CPU.ActiveCfg = Release|Any CPU
		{B7A6BDCF-8E85-FED4-4604-AD69550371C8}.Release|Any CPU.Build.0 = Release|Any CPU
	EndGlobalSection
	GlobalSection(SolutionProperties) = preSolution
		HideSolutionNode = FALSE
	EndGlobalSection
	GlobalSection(ExtensibilityGlobals) = postSolution
		SolutionGuid = {4E44E6FF-3BB3-435D-B715-7E12018E7252}
	EndGlobalSection
EndGlobal
